
Microsoft Visual Studio Solution File, Format Version 12.00
# Visual Studio Version 16
VisualStudioVersion = 16.0.29911.84
MinimumVisualStudioVersion = 10.0.40219.1
Project("{9A19103F-16F7-4668-BE54-9A1E7A4F7556}") = "VillainsWebAPI", "VillainsWebAPI\VillainsWebAPI.csproj", "{350B90FD-583A-45E4-A8A9-234F6FA69678}"
EndProject
Project("{9A19103F-16F7-4668-BE54-9A1E7A4F7556}") = "VillainsWebAPIUnitTests", "VillainsWebAPIUnitTests\VillainsWebAPIUnitTests.csproj", "{6FA60A03-AE51-4B9F-A60D-5C9834A942D3}"
EndProject
Global
	GlobalSection(SolutionConfigurationPlatforms) = preSolution
		Debug|Any CPU = Debug|Any CPU
		Release|Any CPU = Release|Any CPU
	EndGlobalSection
	GlobalSection(ProjectConfigurationPlatforms) = postSolution
		{350B90FD-583A-45E4-A8A9-234F6FA69678}.Debug|Any CPU.ActiveCfg = Debug|Any CPU
		{350B90FD-583A-45E4-A8A9-234F6FA69678}.Debug|Any CPU.Build.0 = Debug|Any CPU
		{350B90FD-583A-45E4-A8A9-234F6FA69678}.Release|Any CPU.ActiveCfg = Release|Any CPU
		{350B90FD-583A-45E4-A8A9-234F6FA69678}.Release|Any CPU.Build.0 = Release|Any CPU
		{6FA60A03-AE51-4B9F-A60D-5C9834A942D3}.Debug|Any CPU.ActiveCfg = Debug|Any CPU
		{6FA60A03-AE51-4B9F-A60D-5C9834A942D3}.Debug|Any CPU.Build.0 = Debug|Any CPU
		{6FA60A03-AE51-4B9F-A60D-5C9834A942D3}.Release|Any CPU.ActiveCfg = Release|Any CPU
		{6FA60A03-AE51-4B9F-A60D-5C9834A942D3}.Release|Any CPU.Build.0 = Release|Any CPU
	EndGlobalSection
	GlobalSection(SolutionProperties) = preSolution
		HideSolutionNode = FALSE
	EndGlobalSection
	GlobalSection(ExtensibilityGlobals) = postSolution
		SolutionGuid = {A025F637-6E2E-4327-AE68-D2B71EB73055}
	EndGlobalSection
EndGlobal
